
Microsoft Visual Studio Solution File, Format Version 12.00
# Visual Studio 15
VisualStudioVersion = 15.0.27428.2002
MinimumVisualStudioVersion = 10.0.40219.1
Project("{9A19103F-16F7-4668-BE54-9A1E7A4F7556}") = "dotnet-tour-of-heroes", "donetangular\dotnet-tour-of-heroes.csproj", "{7C3FBDDE-0BA7-4237-BB53-198911463DE8}"
EndProject
Project("{E53339B2-1760-4266-BCC7-CA923CBCF16C}") = "docker-compose", "docker-compose.dcproj", "{30CF8BDF-4D14-447B-88CD-AFE836D62615}"
EndProject
Global
	GlobalSection(SolutionConfigurationPlatforms) = preSolution
		Debug|Any CPU = Debug|Any CPU
		Release|Any CPU = Release|Any CPU
	EndGlobalSection
	GlobalSection(ProjectConfigurationPlatforms) = postSolution
		{7C3FBDDE-0BA7-4237-BB53-198911463DE8}.Debug|Any CPU.ActiveCfg = Debug|Any CPU
		{7C3FBDDE-0BA7-4237-BB53-198911463DE8}.Debug|Any CPU.Build.0 = Debug|Any CPU
		{7C3FBDDE-0BA7-4237-BB53-198911463DE8}.Release|Any CPU.ActiveCfg = Release|Any CPU
		{7C3FBDDE-0BA7-4237-BB53-198911463DE8}.Release|Any CPU.Build.0 = Release|Any CPU
		{30CF8BDF-4D14-447B-88CD-AFE836D62615}.Debug|Any CPU.ActiveCfg = Debug|Any CPU
		{30CF8BDF-4D14-447B-88CD-AFE836D62615}.Debug|Any CPU.Build.0 = Debug|Any CPU
		{30CF8BDF-4D14-447B-88CD-AFE836D62615}.Release|Any CPU.ActiveCfg = Release|Any CPU
		{30CF8BDF-4D14-447B-88CD-AFE836D62615}.Release|Any CPU.Build.0 = Release|Any CPU
	EndGlobalSection
	GlobalSection(SolutionProperties) = preSolution
		HideSolutionNode = FALSE
	EndGlobalSection
	GlobalSection(ExtensibilityGlobals) = postSolution
		SolutionGuid = {FD2884FC-0278-4FC2-865E-A35B6AC6DDFC}
	EndGlobalSection
EndGlobal
